{
    "_readme": [
        "This file locks the dependencies of your project to a known state",
        "Read more about it at https://getcomposer.org/doc/01-basic-usage.md#installing-dependencies",
        "This file is @generated automatically"
    ],
    "content-hash": "0446ebe69ec4b4d9cf4d0e884e384c32",
    "packages": [
        {
            "name": "heidelpay/heidelpay-php",
            "version": "1.2.8.0",
            "source": {
                "type": "git",
                "url": "https://github.com/heidelpay/heidelpayPHP.git",
                "reference": "1e14bb1bcad8a565de3de05a8c06540bced5d949"
            },
            "dist": {
                "type": "zip",
                "url": "https://api.github.com/repos/heidelpay/heidelpayPHP/zipball/1e14bb1bcad8a565de3de05a8c06540bced5d949",
                "reference": "1e14bb1bcad8a565de3de05a8c06540bced5d949",
                "shasum": ""
            },
            "require": {
                "ext-json": "*",
                "php": "^7.0.0|^7.1.0|^7.2.0|^7.3.0"
            },
            "require-dev": {
                "codacy/coverage": "^1.4",
                "friendsofphp/php-cs-fixer": "^2.0",
                "phpunit/phpunit": "^6.5"
            },
            "suggest": {
                "ext-curl": "*"
            },
            "type": "library",
            "autoload": {
                "psr-4": {
                    "heidelpayPHP\\": "src",
                    "heidelpayPHP\\examples\\": "examples"
                }
            },
            "notification-url": "https://packagist.org/downloads/",
            "license": [
                "Apache-2.0"
            ],
            "authors": [
                {
                    "name": "Simon Gabriel",
                    "email": "development@heidelpay.com"
                }
            ],
            "description": "This is the php sdk to connect to the heidelpay rest api.",
            "time": "2019-11-26T09:44:40+00:00"
        }
    ],
    "packages-dev": [
        {
            "name": "k10r/codestyle",
            "version": "v1.0.12",
            "source": {
                "type": "git",
                "url": "https://github.com/kellerkinderDE/codestyle.git",
                "reference": "3123d4d5f067cb682402bf107e6bd1f51d4aff30"
            },
            "dist": {
                "type": "zip",
                "url": "https://api.github.com/repos/kellerkinderDE/codestyle/zipball/3123d4d5f067cb682402bf107e6bd1f51d4aff30",
                "reference": "3123d4d5f067cb682402bf107e6bd1f51d4aff30",
                "shasum": ""
            },
            "bin": [
                "php-cs-fixer"
            ],
            "type": "library",
            "autoload": {
                "psr-4": {
                    "K10r\\Codestyle\\": "src/"
                }
            },
            "notification-url": "https://packagist.org/downloads/",
            "license": [
                "MIT"
            ],
            "authors": [
                {
                    "name": "Kellerkinder GmbH",
                    "email": "anfragen@kellerkinder.de"
                }
            ],
            "description": "Kellerkinder codestyle definitions for different PHP versions.",
            "keywords": [
                "custom-fixer",
                "fixer",
                "k10r",
                "php-cs-fixer"
            ],
            "time": "2020-09-15T14:25:13+00:00"
        },
        {
            "name": "phpstan/phpstan",
            "version": "0.12.50",
            "source": {
                "type": "git",
                "url": "https://github.com/phpstan/phpstan.git",
                "reference": "b8248f9c81265af75d6d969ca3252aaf3e998f3a"
            },
            "dist": {
                "type": "zip",
                "url": "https://api.github.com/repos/phpstan/phpstan/zipball/b8248f9c81265af75d6d969ca3252aaf3e998f3a",
                "reference": "b8248f9c81265af75d6d969ca3252aaf3e998f3a",
                "shasum": ""
            },
            "require": {
                "php": "^7.1|^8.0"
            },
            "conflict": {
                "phpstan/phpstan-shim": "*"
            },
            "bin": [
                "phpstan",
                "phpstan.phar"
            ],
            "type": "library",
            "extra": {
                "branch-alias": {
                    "dev-master": "0.12-dev"
                }
            },
            "autoload": {
                "files": [
                    "bootstrap.php"
                ]
            },
            "notification-url": "https://packagist.org/downloads/",
            "license": [
                "MIT"
            ],
            "description": "PHPStan - PHP Static Analysis Tool",
            "funding": [
                {
                    "url": "https://github.com/ondrejmirtes",
                    "type": "github"
                },
                {
                    "url": "https://www.patreon.com/phpstan",
                    "type": "patreon"
                },
                {
                    "url": "https://tidelift.com/funding/github/packagist/phpstan/phpstan",
                    "type": "tidelift"
                }
            ],
            "time": "2020-10-16T12:22:23+00:00"
        }
    ],
    "aliases": [],
    "minimum-stability": "dev",
    "stability-flags": [],
    "prefer-stable": true,
    "prefer-lowest": false,
    "platform": {
        "php": "^7.2"
    },
    "platform-dev": [],
    "plugin-api-version": "1.1.0"
}
