{
    "_readme": [
        "This file locks the dependencies of your project to a known state",
        "Read more about it at https://getcomposer.org/doc/01-basic-usage.md#installing-dependencies",
        "This file is @generated automatically"
    ],
    "content-hash": "24b0d5e81d81b4b9306289bf6f7ba10c",
    "packages": [
        {
            "name": "unzerdev/php-sdk",
            "version": "1.2.0.0",
            "source": {
                "type": "git",
                "url": "https://github.com/unzerdev/php-sdk.git",
                "reference": "da9c3fce11264f412e03009606621cc6d9ec0ab1"
            },
            "dist": {
                "type": "zip",
                "url": "https://api.github.com/repos/unzerdev/php-sdk/zipball/da9c3fce11264f412e03009606621cc6d9ec0ab1",
                "reference": "da9c3fce11264f412e03009606621cc6d9ec0ab1",
                "shasum": ""
            },
            "require": {
                "ext-json": "*",
                "php": "~7.1.0|~7.2.0|~7.3.0|~7.4.0|~8.0.0|~8.1.0"
            },
            "require-dev": {
                "friendsofphp/php-cs-fixer": "^3.0",
                "phpunit/phpunit": ">6.5 <10.0"
            },
            "suggest": {
                "ext-curl": "*"
            },
            "type": "library",
            "autoload": {
                "psr-4": {
                    "UnzerSDK\\": "src",
                    "UnzerSDK\\examples\\": "examples"
                }
            },
            "notification-url": "https://packagist.org/downloads/",
            "license": [
                "Apache-2.0"
            ],
            "description": "This is the php sdk to connect to the Unzer rest api.",
            "support": {
                "email": "support@unzer.com",
                "source": "https://github.com/unzerdev/php-sdk/tree/1.2.0.0"
            },
            "time": "2022-06-02T11:43:15+00:00"
        }
    ],
    "packages-dev": [
        {
            "name": "k10r/codestyle",
            "version": "v1.0.12",
            "source": {
                "type": "git",
                "url": "https://github.com/kellerkinderDE/codestyle.git",
                "reference": "3123d4d5f067cb682402bf107e6bd1f51d4aff30"
            },
            "dist": {
                "type": "zip",
                "url": "https://api.github.com/repos/kellerkinderDE/codestyle/zipball/3123d4d5f067cb682402bf107e6bd1f51d4aff30",
                "reference": "3123d4d5f067cb682402bf107e6bd1f51d4aff30",
                "shasum": ""
            },
            "bin": [
                "php-cs-fixer"
            ],
            "type": "library",
            "autoload": {
                "psr-4": {
                    "K10r\\Codestyle\\": "src/"
                }
            },
            "notification-url": "https://packagist.org/downloads/",
            "license": [
                "MIT"
            ],
            "authors": [
                {
                    "name": "Kellerkinder GmbH",
                    "email": "anfragen@kellerkinder.de"
                }
            ],
            "description": "Kellerkinder codestyle definitions for different PHP versions.",
            "keywords": [
                "custom-fixer",
                "fixer",
                "k10r",
                "php-cs-fixer"
            ],
            "support": {
                "issues": "https://github.com/kellerkinderDE/codestyle/issues",
                "source": "https://github.com/kellerkinderDE/codestyle/tree/v1.0.12"
            },
            "time": "2020-09-15T14:25:13+00:00"
        },
        {
            "name": "phpstan/phpstan",
            "version": "0.12.99",
            "source": {
                "type": "git",
                "url": "https://github.com/phpstan/phpstan.git",
                "reference": "b4d40f1d759942f523be267a1bab6884f46ca3f7"
            },
            "dist": {
                "type": "zip",
                "url": "https://api.github.com/repos/phpstan/phpstan/zipball/b4d40f1d759942f523be267a1bab6884f46ca3f7",
                "reference": "b4d40f1d759942f523be267a1bab6884f46ca3f7",
                "shasum": ""
            },
            "require": {
                "php": "^7.1|^8.0"
            },
            "conflict": {
                "phpstan/phpstan-shim": "*"
            },
            "bin": [
                "phpstan",
                "phpstan.phar"
            ],
            "type": "library",
            "extra": {
                "branch-alias": {
                    "dev-master": "0.12-dev"
                }
            },
            "autoload": {
                "files": [
                    "bootstrap.php"
                ]
            },
            "notification-url": "https://packagist.org/downloads/",
            "license": [
                "MIT"
            ],
            "description": "PHPStan - PHP Static Analysis Tool",
            "support": {
                "issues": "https://github.com/phpstan/phpstan/issues",
                "source": "https://github.com/phpstan/phpstan/tree/0.12.99"
            },
            "funding": [
                {
                    "url": "https://github.com/ondrejmirtes",
                    "type": "github"
                },
                {
                    "url": "https://github.com/phpstan",
                    "type": "github"
                },
                {
                    "url": "https://www.patreon.com/phpstan",
                    "type": "patreon"
                },
                {
                    "url": "https://tidelift.com/funding/github/packagist/phpstan/phpstan",
                    "type": "tidelift"
                }
            ],
            "time": "2021-09-12T20:09:55+00:00"
        }
    ],
    "aliases": [],
    "minimum-stability": "dev",
    "stability-flags": [],
    "prefer-stable": true,
    "prefer-lowest": false,
    "platform": {
        "php": ">=7.2 || <=8.1"
    },
    "platform-dev": [],
    "plugin-api-version": "2.3.0"
}
