{
    "_readme": [
        "This file locks the dependencies of your project to a known state",
        "Read more about it at https://getcomposer.org/doc/01-basic-usage.md#installing-dependencies",
        "This file is @generated automatically"
    ],
    "content-hash": "1e39f897b51ce95492ef8ab6ccc46258",
    "packages": [
        {
            "name": "unzerdev/php-sdk",
            "version": "4.0.1",
            "source": {
                "type": "git",
                "url": "https://github.com/unzerdev/php-sdk.git",
                "reference": "a9344b823fbf5374cd49e07ab6352d385578299e"
            },
            "dist": {
                "type": "zip",
                "url": "https://api.github.com/repos/unzerdev/php-sdk/zipball/a9344b823fbf5374cd49e07ab6352d385578299e",
                "reference": "a9344b823fbf5374cd49e07ab6352d385578299e",
                "shasum": ""
            },
            "require": {
                "ext-json": "*",
                "php": "~8.1.0|~8.2.0|~8.3.0|~8.4.0|~8.5.0"
            },
            "require-dev": {
                "friendsofphp/php-cs-fixer": "^3.0",
                "phpunit/phpunit": "^9.6"
            },
            "suggest": {
                "ext-curl": "*"
            },
            "type": "library",
            "autoload": {
                "psr-4": {
                    "UnzerSDK\\": "src",
                    "UnzerSDK\\examples\\": "examples"
                }
            },
            "notification-url": "https://packagist.org/downloads/",
            "license": [
                "Apache-2.0"
            ],
            "description": "This is the php sdk to connect to the Unzer rest API.",
            "support": {
                "email": "support@unzer.com",
                "source": "https://github.com/unzerdev/php-sdk/tree/4.0.1"
            },
            "time": "2026-05-15T13:48:06+00:00"
        }
    ],
    "packages-dev": [
        {
            "name": "k10r/codestyle",
            "version": "v1.0.12",
            "source": {
                "type": "git",
                "url": "https://github.com/kellerkinderDE/codestyle.git",
                "reference": "3123d4d5f067cb682402bf107e6bd1f51d4aff30"
            },
            "dist": {
                "type": "zip",
                "url": "https://api.github.com/repos/kellerkinderDE/codestyle/zipball/3123d4d5f067cb682402bf107e6bd1f51d4aff30",
                "reference": "3123d4d5f067cb682402bf107e6bd1f51d4aff30",
                "shasum": ""
            },
            "bin": [
                "php-cs-fixer"
            ],
            "type": "library",
            "autoload": {
                "psr-4": {
                    "K10r\\Codestyle\\": "src/"
                }
            },
            "notification-url": "https://packagist.org/downloads/",
            "license": [
                "MIT"
            ],
            "authors": [
                {
                    "name": "Kellerkinder GmbH",
                    "email": "anfragen@kellerkinder.de"
                }
            ],
            "description": "Kellerkinder codestyle definitions for different PHP versions.",
            "keywords": [
                "custom-fixer",
                "fixer",
                "k10r",
                "php-cs-fixer"
            ],
            "support": {
                "issues": "https://github.com/kellerkinderDE/codestyle/issues",
                "source": "https://github.com/kellerkinderDE/codestyle/tree/v1.0.12"
            },
            "time": "2020-09-15T14:25:13+00:00"
        },
        {
            "name": "phpstan/phpstan",
            "version": "1.12.34",
            "dist": {
                "type": "zip",
                "url": "https://api.github.com/repos/phpstan/phpstan/zipball/4dd89ca7aa30fdc6760be21550d583bcc32e8476",
                "reference": "4dd89ca7aa30fdc6760be21550d583bcc32e8476",
                "shasum": ""
            },
            "require": {
                "php": "^7.2|^8.0"
            },
            "conflict": {
                "phpstan/phpstan-shim": "*"
            },
            "bin": [
                "phpstan",
                "phpstan.phar"
            ],
            "type": "library",
            "autoload": {
                "files": [
                    "bootstrap.php"
                ]
            },
            "notification-url": "https://packagist.org/downloads/",
            "license": [
                "MIT"
            ],
            "description": "PHPStan - PHP Static Analysis Tool",
            "keywords": [
                "dev",
                "static analysis"
            ],
            "support": {
                "docs": "https://phpstan.org/user-guide/getting-started",
                "forum": "https://github.com/phpstan/phpstan/discussions",
                "issues": "https://github.com/phpstan/phpstan/issues",
                "security": "https://github.com/phpstan/phpstan/security/policy",
                "source": "https://github.com/phpstan/phpstan-src"
            },
            "funding": [
                {
                    "url": "https://github.com/ondrejmirtes",
                    "type": "github"
                },
                {
                    "url": "https://github.com/phpstan",
                    "type": "github"
                }
            ],
            "time": "2026-07-28T10:04:39+00:00"
        }
    ],
    "aliases": [],
    "minimum-stability": "dev",
    "stability-flags": {},
    "prefer-stable": true,
    "prefer-lowest": false,
    "platform": {},
    "platform-dev": {},
    "plugin-api-version": "2.9.0"
}
